// !$*UTF8*$!
{
	archiveVersion = 1;
	classes = {
	};
	objectVersion = 46;
	objects = {

/* Begin PBXBuildFile section */
		3740347999B9EFF75315D7F0 /* Pods_YearsFromNow.framework in Frameworks */ = {isa = PBXBuildFile; fileRef = D56EBE4267989C348B6BB3D6 /* Pods_YearsFromNow.framework */; };
		F7017F411BABA1090094BAD1 /* CreateEditScrollViewDelegate.swift in Sources */ = {isa = PBXBuildFile; fileRef = F7017F401BABA1090094BAD1 /* CreateEditScrollViewDelegate.swift */; };
		F7017F461BAC9EF20094BAD1 /* Tooltip.swift in Sources */ = {isa = PBXBuildFile; fileRef = F7017F451BAC9EF20094BAD1 /* Tooltip.swift */; };
		F70CA4121F69AC230012A434 /* ViewController.swift in Sources */ = {isa = PBXBuildFile; fileRef = F70CA4111F69AC230012A434 /* ViewController.swift */; };
		F72F1FF91F460B2800B23531 /* RealmSwift.framework in Frameworks */ = {isa = PBXBuildFile; fileRef = F78EBB501F46009F00902CAC /* RealmSwift.framework */; };
		F731E1121F680BBF00EC4C5E /* Categories.swift in Sources */ = {isa = PBXBuildFile; fileRef = F731E1111F680BBF00EC4C5E /* Categories.swift */; };
		F75637711BB4C9C300626B9E /* TimeLineScrollView.swift in Sources */ = {isa = PBXBuildFile; fileRef = F75637701BB4C9C300626B9E /* TimeLineScrollView.swift */; };
		F75637751BB9BDC400626B9E /* OnBoard.swift in Sources */ = {isa = PBXBuildFile; fileRef = F75637741BB9BDC400626B9E /* OnBoard.swift */; };
		F75BEC6A1BD44683008EE1F2 /* CreateEditScrollView.swift in Sources */ = {isa = PBXBuildFile; fileRef = F75BEC691BD44683008EE1F2 /* CreateEditScrollView.swift */; };
		F76172B21BA6D92F0097F912 /* AppDelegate.swift in Sources */ = {isa = PBXBuildFile; fileRef = F76172B11BA6D92F0097F912 /* AppDelegate.swift */; };
		F76172B41BA6D92F0097F912 /* DisplayGoals.swift in Sources */ = {isa = PBXBuildFile; fileRef = F76172B31BA6D92F0097F912 /* DisplayGoals.swift */; };
		F76172B71BA6D92F0097F912 /* Main.storyboard in Resources */ = {isa = PBXBuildFile; fileRef = F76172B51BA6D92F0097F912 /* Main.storyboard */; };
		F76172B91BA6D92F0097F912 /* Images.xcassets in Resources */ = {isa = PBXBuildFile; fileRef = F76172B81BA6D92F0097F912 /* Images.xcassets */; };
		F76172BC1BA6D92F0097F912 /* LaunchScreen.xib in Resources */ = {isa = PBXBuildFile; fileRef = F76172BA1BA6D92F0097F912 /* LaunchScreen.xib */; };
		F76172D21BA6DCEE0097F912 /* CreateEditGoals.swift in Sources */ = {isa = PBXBuildFile; fileRef = F76172D11BA6DCEE0097F912 /* CreateEditGoals.swift */; };
		F76172D91BA6DDBA0097F912 /* TimeLineView.swift in Sources */ = {isa = PBXBuildFile; fileRef = F76172D71BA6DDBA0097F912 /* TimeLineView.swift */; };
		F76172DA1BA6DDBA0097F912 /* bkgrd.swift in Sources */ = {isa = PBXBuildFile; fileRef = F76172D81BA6DDBA0097F912 /* bkgrd.swift */; };
		F76172DC1BA6DDCC0097F912 /* Constants.swift in Sources */ = {isa = PBXBuildFile; fileRef = F76172DB1BA6DDCC0097F912 /* Constants.swift */; };
		F76172DE1BA6DDE70097F912 /* PickerDelegate.swift in Sources */ = {isa = PBXBuildFile; fileRef = F76172DD1BA6DDE70097F912 /* PickerDelegate.swift */; };
		F775C7841BBABD9E005614E8 /* Fabric.framework in Frameworks */ = {isa = PBXBuildFile; fileRef = F775C7821BBABD9E005614E8 /* Fabric.framework */; };
		F775C7851BBABD9E005614E8 /* Crashlytics.framework in Frameworks */ = {isa = PBXBuildFile; fileRef = F775C7831BBABD9E005614E8 /* Crashlytics.framework */; };
		F7A94CFC1F4C697E00D68A29 /* ListOfGoalsViewController.swift in Sources */ = {isa = PBXBuildFile; fileRef = F7A94CFB1F4C697E00D68A29 /* ListOfGoalsViewController.swift */; };
		F7E2B7781BB21F4900DBB91B /* TimeLineViewGoalLabel.swift in Sources */ = {isa = PBXBuildFile; fileRef = F7E2B7771BB21F4900DBB91B /* TimeLineViewGoalLabel.swift */; };
		F7E5A9331BA9D246003162EF /* PageContentViewController.swift in Sources */ = {isa = PBXBuildFile; fileRef = F7E5A9321BA9D246003162EF /* PageContentViewController.swift */; };
		F7F486B01BA721BC00C2615B /* Goal.swift in Sources */ = {isa = PBXBuildFile; fileRef = F7F486AF1BA721BC00C2615B /* Goal.swift */; };
		F7F486B21BA78EAA00C2615B /* Extensions.swift in Sources */ = {isa = PBXBuildFile; fileRef = F7F486B11BA78EAA00C2615B /* Extensions.swift */; };
/* End PBXBuildFile section */

/* Begin PBXFileReference section */
		2CC8ADD3B45560972829FC78 /* Pods-YearsFromNow.release.xcconfig */ = {isa = PBXFileReference; includeInIndex = 1; lastKnownFileType = text.xcconfig; name = "Pods-YearsFromNow.release.xcconfig"; path = "Pods/Target Support Files/Pods-YearsFromNow/Pods-YearsFromNow.release.xcconfig"; sourceTree = "<group>"; };
		CC8EF07C3BEAF44254BD5B38 /* Pods-YearsFromNow.debug.xcconfig */ = {isa = PBXFileReference; includeInIndex = 1; lastKnownFileType = text.xcconfig; name = "Pods-YearsFromNow.debug.xcconfig"; path = "Pods/Target Support Files/Pods-YearsFromNow/Pods-YearsFromNow.debug.xcconfig"; sourceTree = "<group>"; };
		D56EBE4267989C348B6BB3D6 /* Pods_YearsFromNow.framework */ = {isa = PBXFileReference; explicitFileType = wrapper.framework; includeInIndex = 0; path = Pods_YearsFromNow.framework; sourceTree = BUILT_PRODUCTS_DIR; };
		F7017F401BABA1090094BAD1 /* CreateEditScrollViewDelegate.swift */ = {isa = PBXFileReference; fileEncoding = 4; lastKnownFileType = sourcecode.swift; path = CreateEditScrollViewDelegate.swift; sourceTree = "<group>"; };
		F7017F451BAC9EF20094BAD1 /* Tooltip.swift */ = {isa = PBXFileReference; fileEncoding = 4; lastKnownFileType = sourcecode.swift; path = Tooltip.swift; sourceTree = "<group>"; };
		F70CA4111F69AC230012A434 /* ViewController.swift */ = {isa = PBXFileReference; lastKnownFileType = sourcecode.swift; path = ViewController.swift; sourceTree = "<group>"; };
		F72F1FFD1F460CA200B23531 /* Realm.framework */ = {isa = PBXFileReference; lastKnownFileType = wrapper.framework; path = Realm.framework; sourceTree = "<group>"; };
		F72F1FFE1F460CA300B23531 /* RealmSwift.framework */ = {isa = PBXFileReference; lastKnownFileType = wrapper.framework; path = RealmSwift.framework; sourceTree = "<group>"; };
		F731E1111F680BBF00EC4C5E /* Categories.swift */ = {isa = PBXFileReference; lastKnownFileType = sourcecode.swift; path = Categories.swift; sourceTree = "<group>"; };
		F75637701BB4C9C300626B9E /* TimeLineScrollView.swift */ = {isa = PBXFileReference; fileEncoding = 4; lastKnownFileType = sourcecode.swift; path = TimeLineScrollView.swift; sourceTree = "<group>"; };
		F75637741BB9BDC400626B9E /* OnBoard.swift */ = {isa = PBXFileReference; fileEncoding = 4; lastKnownFileType = sourcecode.swift; path = OnBoard.swift; sourceTree = "<group>"; };
		F75BEC691BD44683008EE1F2 /* CreateEditScrollView.swift */ = {isa = PBXFileReference; fileEncoding = 4; lastKnownFileType = sourcecode.swift; path = CreateEditScrollView.swift; sourceTree = "<group>"; };
		F76172AC1BA6D92F0097F912 /* YearsFromNow.app */ = {isa = PBXFileReference; explicitFileType = wrapper.application; includeInIndex = 0; path = YearsFromNow.app; sourceTree = BUILT_PRODUCTS_DIR; };
		F76172B01BA6D92F0097F912 /* Info.plist */ = {isa = PBXFileReference; lastKnownFileType = text.plist.xml; path = Info.plist; sourceTree = "<group>"; };
		F76172B11BA6D92F0097F912 /* AppDelegate.swift */ = {isa = PBXFileReference; lastKnownFileType = sourcecode.swift; path = AppDelegate.swift; sourceTree = "<group>"; };
		F76172B31BA6D92F0097F912 /* DisplayGoals.swift */ = {isa = PBXFileReference; lastKnownFileType = sourcecode.swift; path = DisplayGoals.swift; sourceTree = "<group>"; };
		F76172B61BA6D92F0097F912 /* Base */ = {isa = PBXFileReference; lastKnownFileType = file.storyboard; name = Base; path = Base.lproj/Main.storyboard; sourceTree = "<group>"; };
		F76172B81BA6D92F0097F912 /* Images.xcassets */ = {isa = PBXFileReference; lastKnownFileType = folder.assetcatalog; path = Images.xcassets; sourceTree = "<group>"; };
		F76172BB1BA6D92F0097F912 /* Base */ = {isa = PBXFileReference; lastKnownFileType = file.xib; name = Base; path = Base.lproj/LaunchScreen.xib; sourceTree = "<group>"; };
		F76172D11BA6DCEE0097F912 /* CreateEditGoals.swift */ = {isa = PBXFileReference; fileEncoding = 4; lastKnownFileType = sourcecode.swift; path = CreateEditGoals.swift; sourceTree = "<group>"; };
		F76172D71BA6DDBA0097F912 /* TimeLineView.swift */ = {isa = PBXFileReference; fileEncoding = 4; lastKnownFileType = sourcecode.swift; path = TimeLineView.swift; sourceTree = "<group>"; };
		F76172D81BA6DDBA0097F912 /* bkgrd.swift */ = {isa = PBXFileReference; fileEncoding = 4; lastKnownFileType = sourcecode.swift; path = bkgrd.swift; sourceTree = "<group>"; };
		F76172DB1BA6DDCC0097F912 /* Constants.swift */ = {isa = PBXFileReference; fileEncoding = 4; lastKnownFileType = sourcecode.swift; path = Constants.swift; sourceTree = "<group>"; };
		F76172DD1BA6DDE70097F912 /* PickerDelegate.swift */ = {isa = PBXFileReference; fileEncoding = 4; lastKnownFileType = sourcecode.swift; path = PickerDelegate.swift; sourceTree = "<group>"; };
		F775C7821BBABD9E005614E8 /* Fabric.framework */ = {isa = PBXFileReference; lastKnownFileType = wrapper.framework; path = Fabric.framework; sourceTree = "<group>"; };
		F775C7831BBABD9E005614E8 /* Crashlytics.framework */ = {isa = PBXFileReference; lastKnownFileType = wrapper.framework; path = Crashlytics.framework; sourceTree = "<group>"; };
		F78EBB501F46009F00902CAC /* RealmSwift.framework */ = {isa = PBXFileReference; lastKnownFileType = wrapper.framework; name = RealmSwift.framework; path = "../../../../Library/Developer/Xcode/DerivedData/YearsFromNow-dwjrlatljrwuwsbrkdtbvqiwswwj/Build/Products/Debug-iphonesimulator/RealmSwift/RealmSwift.framework"; sourceTree = "<group>"; };
		F78EBB521F4600DF00902CAC /* Realm.framework */ = {isa = PBXFileReference; lastKnownFileType = wrapper.framework; name = Realm.framework; path = "Pods/../build/Debug-iphoneos/Realm/Realm.framework"; sourceTree = "<group>"; };
		F7A94CFB1F4C697E00D68A29 /* ListOfGoalsViewController.swift */ = {isa = PBXFileReference; lastKnownFileType = sourcecode.swift; path = ListOfGoalsViewController.swift; sourceTree = "<group>"; };
		F7E2B7771BB21F4900DBB91B /* TimeLineViewGoalLabel.swift */ = {isa = PBXFileReference; fileEncoding = 4; lastKnownFileType = sourcecode.swift; path = TimeLineViewGoalLabel.swift; sourceTree = "<group>"; };
		F7E5A9321BA9D246003162EF /* PageContentViewController.swift */ = {isa = PBXFileReference; fileEncoding = 4; lastKnownFileType = sourcecode.swift; path = PageContentViewController.swift; sourceTree = "<group>"; };
		F7F486AF1BA721BC00C2615B /* Goal.swift */ = {isa = PBXFileReference; fileEncoding = 4; lastKnownFileType = sourcecode.swift; path = Goal.swift; sourceTree = "<group>"; };
		F7F486B11BA78EAA00C2615B /* Extensions.swift */ = {isa = PBXFileReference; fileEncoding = 4; lastKnownFileType = sourcecode.swift; path = Extensions.swift; sourceTree = "<group>"; };
/* End PBXFileReference section */

/* Begin PBXFrameworksBuildPhase section */
		F76172A91BA6D92F0097F912 /* Frameworks */ = {
			isa = PBXFrameworksBuildPhase;
			buildActionMask = 2147483647;
			files = (
				F72F1FF91F460B2800B23531 /* RealmSwift.framework in Frameworks */,
				F775C7851BBABD9E005614E8 /* Crashlytics.framework in Frameworks */,
				F775C7841BBABD9E005614E8 /* Fabric.framework in Frameworks */,
				3740347999B9EFF75315D7F0 /* Pods_YearsFromNow.framework in Frameworks */,
			);
			runOnlyForDeploymentPostprocessing = 0;
		};
/* End PBXFrameworksBuildPhase section */

/* Begin PBXGroup section */
		84A41E38C167F9958686F98B /* Pods */ = {
			isa = PBXGroup;
			children = (
				CC8EF07C3BEAF44254BD5B38 /* Pods-YearsFromNow.debug.xcconfig */,
				2CC8ADD3B45560972829FC78 /* Pods-YearsFromNow.release.xcconfig */,
			);
			name = Pods;
			sourceTree = "<group>";
		};
		D5919209F6C88FFF8BBCEC62 /* Frameworks */ = {
			isa = PBXGroup;
			children = (
				F78EBB521F4600DF00902CAC /* Realm.framework */,
				F78EBB501F46009F00902CAC /* RealmSwift.framework */,
				D56EBE4267989C348B6BB3D6 /* Pods_YearsFromNow.framework */,
			);
			name = Frameworks;
			sourceTree = "<group>";
		};
		F76172A31BA6D92F0097F912 = {
			isa = PBXGroup;
			children = (
				F72F1FFD1F460CA200B23531 /* Realm.framework */,
				F72F1FFE1F460CA300B23531 /* RealmSwift.framework */,
				F775C7821BBABD9E005614E8 /* Fabric.framework */,
				F775C7831BBABD9E005614E8 /* Crashlytics.framework */,
				F76172AE1BA6D92F0097F912 /* YearsFromNow */,
				F76172AD1BA6D92F0097F912 /* Products */,
				84A41E38C167F9958686F98B /* Pods */,
				D5919209F6C88FFF8BBCEC62 /* Frameworks */,
			);
			sourceTree = "<group>";
		};
		F76172AD1BA6D92F0097F912 /* Products */ = {
			isa = PBXGroup;
			children = (
				F76172AC1BA6D92F0097F912 /* YearsFromNow.app */,
			);
			name = Products;
			sourceTree = "<group>";
		};
		F76172AE1BA6D92F0097F912 /* YearsFromNow */ = {
			isa = PBXGroup;
			children = (
				F76172DB1BA6DDCC0097F912 /* Constants.swift */,
				F7F486B11BA78EAA00C2615B /* Extensions.swift */,
				F76172D31BA6DD160097F912 /* Model */,
				F76172D41BA6DD210097F912 /* View */,
				F76172D61BA6DD330097F912 /* Controller */,
				F76172AF1BA6D92F0097F912 /* Supporting Files */,
			);
			path = YearsFromNow;
			sourceTree = "<group>";
		};
		F76172AF1BA6D92F0097F912 /* Supporting Files */ = {
			isa = PBXGroup;
			children = (
				F76172B01BA6D92F0097F912 /* Info.plist */,
			);
			name = "Supporting Files";
			sourceTree = "<group>";
		};
		F76172D31BA6DD160097F912 /* Model */ = {
			isa = PBXGroup;
			children = (
				F7F486AF1BA721BC00C2615B /* Goal.swift */,
				F731E1111F680BBF00EC4C5E /* Categories.swift */,
			);
			name = Model;
			sourceTree = "<group>";
		};
		F76172D41BA6DD210097F912 /* View */ = {
			isa = PBXGroup;
			children = (
				F76172D71BA6DDBA0097F912 /* TimeLineView.swift */,
				F75637701BB4C9C300626B9E /* TimeLineScrollView.swift */,
				F7E2B7771BB21F4900DBB91B /* TimeLineViewGoalLabel.swift */,
				F76172D81BA6DDBA0097F912 /* bkgrd.swift */,
				F7017F451BAC9EF20094BAD1 /* Tooltip.swift */,
				F75BEC691BD44683008EE1F2 /* CreateEditScrollView.swift */,
				F76172B51BA6D92F0097F912 /* Main.storyboard */,
				F76172BA1BA6D92F0097F912 /* LaunchScreen.xib */,
				F76172B81BA6D92F0097F912 /* Images.xcassets */,
			);
			name = View;
			sourceTree = "<group>";
		};
		F76172D61BA6DD330097F912 /* Controller */ = {
			isa = PBXGroup;
			children = (
				F76172DF1BA6DDEE0097F912 /* Delegates */,
				F7E5A9321BA9D246003162EF /* PageContentViewController.swift */,
				F75637741BB9BDC400626B9E /* OnBoard.swift */,
				F76172B31BA6D92F0097F912 /* DisplayGoals.swift */,
				F7A94CFB1F4C697E00D68A29 /* ListOfGoalsViewController.swift */,
				F76172D11BA6DCEE0097F912 /* CreateEditGoals.swift */,
				F70CA4111F69AC230012A434 /* ViewController.swift */,
			);
			name = Controller;
			sourceTree = "<group>";
		};
		F76172DF1BA6DDEE0097F912 /* Delegates */ = {
			isa = PBXGroup;
			children = (
				F76172B11BA6D92F0097F912 /* AppDelegate.swift */,
				F76172DD1BA6DDE70097F912 /* PickerDelegate.swift */,
				F7017F401BABA1090094BAD1 /* CreateEditScrollViewDelegate.swift */,
			);
			name = Delegates;
			sourceTree = "<group>";
		};
/* End PBXGroup section */

/* Begin PBXNativeTarget section */
		F76172AB1BA6D92F0097F912 /* YearsFromNow */ = {
			isa = PBXNativeTarget;
			buildConfigurationList = F76172CB1BA6D92F0097F912 /* Build configuration list for PBXNativeTarget "YearsFromNow" */;
			buildPhases = (
				11C7BA0C42CAF602649DC8F2 /* [CP] Check Pods Manifest.lock */,
				F76172A81BA6D92F0097F912 /* Sources */,
				F76172A91BA6D92F0097F912 /* Frameworks */,
				F76172AA1BA6D92F0097F912 /* Resources */,
				F775C7811BBABD5D005614E8 /* ShellScript */,
				A992C77F0F4D00251886AA4C /* [CP] Embed Pods Frameworks */,
				8AE9B87AB509E62556728769 /* [CP] Copy Pods Resources */,
			);
			buildRules = (
			);
			dependencies = (
			);
			name = YearsFromNow;
			productName = YearsFromNow;
			productReference = F76172AC1BA6D92F0097F912 /* YearsFromNow.app */;
			productType = "com.apple.product-type.application";
		};
/* End PBXNativeTarget section */

/* Begin PBXProject section */
		F76172A41BA6D92F0097F912 /* Project object */ = {
			isa = PBXProject;
			attributes = {
				LastSwiftMigration = 0700;
				LastSwiftUpdateCheck = 0700;
				LastUpgradeCheck = 0900;
				ORGANIZATIONNAME = "Leon Johnson";
				TargetAttributes = {
					F76172AB1BA6D92F0097F912 = {
						CreatedOnToolsVersion = 6.4;
						DevelopmentTeam = 644582FWFB;
						LastSwiftMigration = 0830;
						ProvisioningStyle = Automatic;
						SystemCapabilities = {
							com.apple.BackgroundModes = {
								enabled = 0;
							};
						};
					};
				};
			};
			buildConfigurationList = F76172A71BA6D92F0097F912 /* Build configuration list for PBXProject "YearsFromNow" */;
			compatibilityVersion = "Xcode 3.2";
			developmentRegion = English;
			hasScannedForEncodings = 0;
			knownRegions = (
				en,
				Base,
			);
			mainGroup = F76172A31BA6D92F0097F912;
			productRefGroup = F76172AD1BA6D92F0097F912 /* Products */;
			projectDirPath = "";
			projectRoot = "";
			targets = (
				F76172AB1BA6D92F0097F912 /* YearsFromNow */,
			);
		};
/* End PBXProject section */

/* Begin PBXResourcesBuildPhase section */
		F76172AA1BA6D92F0097F912 /* Resources */ = {
			isa = PBXResourcesBuildPhase;
			buildActionMask = 2147483647;
			files = (
				F76172B71BA6D92F0097F912 /* Main.storyboard in Resources */,
				F76172BC1BA6D92F0097F912 /* LaunchScreen.xib in Resources */,
				F76172B91BA6D92F0097F912 /* Images.xcassets in Resources */,
			);
			runOnlyForDeploymentPostprocessing = 0;
		};
/* End PBXResourcesBuildPhase section */

/* Begin PBXShellScriptBuildPhase section */
		11C7BA0C42CAF602649DC8F2 /* [CP] Check Pods Manifest.lock */ = {
			isa = PBXShellScriptBuildPhase;
			buildActionMask = 2147483647;
			files = (
			);
			inputPaths = (
				"${PODS_PODFILE_DIR_PATH}/Podfile.lock",
				"${PODS_ROOT}/Manifest.lock",
			);
			name = "[CP] Check Pods Manifest.lock";
			outputPaths = (
				"$(DERIVED_FILE_DIR)/Pods-YearsFromNow-checkManifestLockResult.txt",
			);
			runOnlyForDeploymentPostprocessing = 0;
			shellPath = /bin/sh;
			shellScript = "diff \"${PODS_PODFILE_DIR_PATH}/Podfile.lock\" \"${PODS_ROOT}/Manifest.lock\" > /dev/null\nif [ $? != 0 ] ; then\n    # print error to STDERR\n    echo \"error: The sandbox is not in sync with the Podfile.lock. Run 'pod install' or update your CocoaPods installation.\" >&2\n    exit 1\nfi\n# This output is used by Xcode 'outputs' to avoid re-running this script phase.\necho \"SUCCESS\" > \"${SCRIPT_OUTPUT_FILE_0}\"\n";
			showEnvVarsInLog = 0;
		};
		8AE9B87AB509E62556728769 /* [CP] Copy Pods Resources */ = {
			isa = PBXShellScriptBuildPhase;
			buildActionMask = 2147483647;
			files = (
			);
			inputPaths = (
			);
			name = "[CP] Copy Pods Resources";
			outputPaths = (
			);
			runOnlyForDeploymentPostprocessing = 0;
			shellPath = /bin/sh;
			shellScript = "\"${SRCROOT}/Pods/Target Support Files/Pods-YearsFromNow/Pods-YearsFromNow-resources.sh\"\n";
			showEnvVarsInLog = 0;
		};
		A992C77F0F4D00251886AA4C /* [CP] Embed Pods Frameworks */ = {
			isa = PBXShellScriptBuildPhase;
			buildActionMask = 2147483647;
			files = (
			);
			inputPaths = (
				"${SRCROOT}/Pods/Target Support Files/Pods-YearsFromNow/Pods-YearsFromNow-frameworks.sh",
				"${BUILT_PRODUCTS_DIR}/Realm/Realm.framework",
				"${BUILT_PRODUCTS_DIR}/RealmSwift/RealmSwift.framework",
				"${BUILT_PRODUCTS_DIR}/UnderKeyboard/UnderKeyboard.framework",
			);
			name = "[CP] Embed Pods Frameworks";
			outputPaths = (
				"${TARGET_BUILD_DIR}/${FRAMEWORKS_FOLDER_PATH}/Realm.framework",
				"${TARGET_BUILD_DIR}/${FRAMEWORKS_FOLDER_PATH}/RealmSwift.framework",
				"${TARGET_BUILD_DIR}/${FRAMEWORKS_FOLDER_PATH}/UnderKeyboard.framework",
			);
			runOnlyForDeploymentPostprocessing = 0;
			shellPath = /bin/sh;
			shellScript = "\"${SRCROOT}/Pods/Target Support Files/Pods-YearsFromNow/Pods-YearsFromNow-frameworks.sh\"\n";
			showEnvVarsInLog = 0;
		};
		F775C7811BBABD5D005614E8 /* ShellScript */ = {
			isa = PBXShellScriptBuildPhase;
			buildActionMask = 2147483647;
			files = (
			);
			inputPaths = (
			);
			outputPaths = (
			);
			runOnlyForDeploymentPostprocessing = 0;
			shellPath = /bin/sh;
			shellScript = "./Fabric.framework/run f5eff2c24a75618116596e42978ae0c39ea3162d e724006178a93171d9374badfa4ab915ef565e22c9aded2e3b678dd967fc2688";
		};
/* End PBXShellScriptBuildPhase section */

/* Begin PBXSourcesBuildPhase section */
		F76172A81BA6D92F0097F912 /* Sources */ = {
			isa = PBXSourcesBuildPhase;
			buildActionMask = 2147483647;
			files = (
				F7F486B01BA721BC00C2615B /* Goal.swift in Sources */,
				F70CA4121F69AC230012A434 /* ViewController.swift in Sources */,
				F7E2B7781BB21F4900DBB91B /* TimeLineViewGoalLabel.swift in Sources */,
				F76172B41BA6D92F0097F912 /* DisplayGoals.swift in Sources */,
				F76172DA1BA6DDBA0097F912 /* bkgrd.swift in Sources */,
				F76172B21BA6D92F0097F912 /* AppDelegate.swift in Sources */,
				F731E1121F680BBF00EC4C5E /* Categories.swift in Sources */,
				F75637711BB4C9C300626B9E /* TimeLineScrollView.swift in Sources */,
				F7A94CFC1F4C697E00D68A29 /* ListOfGoalsViewController.swift in Sources */,
				F75637751BB9BDC400626B9E /* OnBoard.swift in Sources */,
				F7017F411BABA1090094BAD1 /* CreateEditScrollViewDelegate.swift in Sources */,
				F76172D21BA6DCEE0097F912 /* CreateEditGoals.swift in Sources */,
				F75BEC6A1BD44683008EE1F2 /* CreateEditScrollView.swift in Sources */,
				F7E5A9331BA9D246003162EF /* PageContentViewController.swift in Sources */,
				F7F486B21BA78EAA00C2615B /* Extensions.swift in Sources */,
				F76172D91BA6DDBA0097F912 /* TimeLineView.swift in Sources */,
				F76172DE1BA6DDE70097F912 /* PickerDelegate.swift in Sources */,
				F76172DC1BA6DDCC0097F912 /* Constants.swift in Sources */,
				F7017F461BAC9EF20094BAD1 /* Tooltip.swift in Sources */,
			);
			runOnlyForDeploymentPostprocessing = 0;
		};
/* End PBXSourcesBuildPhase section */

/* Begin PBXVariantGroup section */
		F76172B51BA6D92F0097F912 /* Main.storyboard */ = {
			isa = PBXVariantGroup;
			children = (
				F76172B61BA6D92F0097F912 /* Base */,
			);
			name = Main.storyboard;
			sourceTree = "<group>";
		};
		F76172BA1BA6D92F0097F912 /* LaunchScreen.xib */ = {
			isa = PBXVariantGroup;
			children = (
				F76172BB1BA6D92F0097F912 /* Base */,
			);
			name = LaunchScreen.xib;
			sourceTree = "<group>";
		};
/* End PBXVariantGroup section */

/* Begin XCBuildConfiguration section */
		F76172C91BA6D92F0097F912 /* Debug */ = {
			isa = XCBuildConfiguration;
			buildSettings = {
				ALWAYS_SEARCH_USER_PATHS = NO;
				CLANG_CXX_LANGUAGE_STANDARD = "gnu++0x";
				CLANG_CXX_LIBRARY = "libc++";
				CLANG_ENABLE_MODULES = YES;
				CLANG_ENABLE_OBJC_ARC = YES;
				CLANG_WARN_BLOCK_CAPTURE_AUTORELEASING = YES;
				CLANG_WARN_BOOL_CONVERSION = YES;
				CLANG_WARN_COMMA = YES;
				CLANG_WARN_CONSTANT_CONVERSION = YES;
				CLANG_WARN_DIRECT_OBJC_ISA_USAGE = YES_ERROR;
				CLANG_WARN_EMPTY_BODY = YES;
				CLANG_WARN_ENUM_CONVERSION = YES;
				CLANG_WARN_INFINITE_RECURSION = YES;
				CLANG_WARN_INT_CONVERSION = YES;
				CLANG_WARN_NON_LITERAL_NULL_CONVERSION = YES;
				CLANG_WARN_OBJC_LITERAL_CONVERSION = YES;
				CLANG_WARN_OBJC_ROOT_CLASS = YES_ERROR;
				CLANG_WARN_RANGE_LOOP_ANALYSIS = YES;
				CLANG_WARN_STRICT_PROTOTYPES = YES;
				CLANG_WARN_SUSPICIOUS_MOVE = YES;
				CLANG_WARN_UNREACHABLE_CODE = YES;
				CLANG_WARN__DUPLICATE_METHOD_MATCH = YES;
				CODE_SIGN_IDENTITY = "iPhone Distribution";
				"CODE_SIGN_IDENTITY[sdk=iphoneos*]" = "iPhone Developer";
				COPY_PHASE_STRIP = NO;
				DEBUG_INFORMATION_FORMAT = "dwarf-with-dsym";
				ENABLE_STRICT_OBJC_MSGSEND = YES;
				ENABLE_TESTABILITY = YES;
				GCC_C_LANGUAGE_STANDARD = gnu99;
				GCC_DYNAMIC_NO_PIC = NO;
				GCC_NO_COMMON_BLOCKS = YES;
				GCC_OPTIMIZATION_LEVEL = 0;
				GCC_PREPROCESSOR_DEFINITIONS = (
					"DEBUG=1",
					"$(inherited)",
				);
				GCC_SYMBOLS_PRIVATE_EXTERN = NO;
				GCC_WARN_64_TO_32_BIT_CONVERSION = YES;
				GCC_WARN_ABOUT_RETURN_TYPE = YES_ERROR;
				GCC_WARN_UNDECLARED_SELECTOR = YES;
				GCC_WARN_UNINITIALIZED_AUTOS = YES_AGGRESSIVE;
				GCC_WARN_UNUSED_FUNCTION = YES;
				GCC_WARN_UNUSED_VARIABLE = YES;
				IPHONEOS_DEPLOYMENT_TARGET = 11.0;
				MTL_ENABLE_DEBUG_INFO = YES;
				ONLY_ACTIVE_ARCH = YES;
				SDKROOT = iphoneos;
				SWIFT_OPTIMIZATION_LEVEL = "-Onone";
			};
			name = Debug;
		};
		F76172CA1BA6D92F0097F912 /* Release */ = {
			isa = XCBuildConfiguration;
			buildSettings = {
				ALWAYS_SEARCH_USER_PATHS = NO;
				CLANG_CXX_LANGUAGE_STANDARD = "gnu++0x";
				CLANG_CXX_LIBRARY = "libc++";
				CLANG_ENABLE_MODULES = YES;
				CLANG_ENABLE_OBJC_ARC = YES;
				CLANG_WARN_BLOCK_CAPTURE_AUTORELEASING = YES;
				CLANG_WARN_BOOL_CONVERSION = YES;
				CLANG_WARN_COMMA = YES;
				CLANG_WARN_CONSTANT_CONVERSION = YES;
				CLANG_WARN_DIRECT_OBJC_ISA_USAGE = YES_ERROR;
				CLANG_WARN_EMPTY_BODY = YES;
				CLANG_WARN_ENUM_CONVERSION = YES;
				CLANG_WARN_INFINITE_RECURSION = YES;
				CLANG_WARN_INT_CONVERSION = YES;
				CLANG_WARN_NON_LITERAL_NULL_CONVERSION = YES;
				CLANG_WARN_OBJC_LITERAL_CONVERSION = YES;
				CLANG_WARN_OBJC_ROOT_CLASS = YES_ERROR;
				CLANG_WARN_RANGE_LOOP_ANALYSIS = YES;
				CLANG_WARN_STRICT_PROTOTYPES = YES;
				CLANG_WARN_SUSPICIOUS_MOVE = YES;
				CLANG_WARN_UNREACHABLE_CODE = YES;
				CLANG_WARN__DUPLICATE_METHOD_MATCH = YES;
				CODE_SIGN_IDENTITY = "iPhone Distribution";
				"CODE_SIGN_IDENTITY[sdk=iphoneos*]" = "iPhone Developer";
				COPY_PHASE_STRIP = NO;
				DEBUG_INFORMATION_FORMAT = "dwarf-with-dsym";
				ENABLE_NS_ASSERTIONS = NO;
				ENABLE_STRICT_OBJC_MSGSEND = YES;
				GCC_C_LANGUAGE_STANDARD = gnu99;
				GCC_NO_COMMON_BLOCKS = YES;
				GCC_WARN_64_TO_32_BIT_CONVERSION = YES;
				GCC_WARN_ABOUT_RETURN_TYPE = YES_ERROR;
				GCC_WARN_UNDECLARED_SELECTOR = YES;
				GCC_WARN_UNINITIALIZED_AUTOS = YES_AGGRESSIVE;
				GCC_WARN_UNUSED_FUNCTION = YES;
				GCC_WARN_UNUSED_VARIABLE = YES;
				IPHONEOS_DEPLOYMENT_TARGET = 11.0;
				MTL_ENABLE_DEBUG_INFO = NO;
				SDKROOT = iphoneos;
				VALIDATE_PRODUCT = YES;
			};
			name = Release;
		};
		F76172CC1BA6D92F0097F912 /* Debug */ = {
			isa = XCBuildConfiguration;
			baseConfigurationReference = CC8EF07C3BEAF44254BD5B38 /* Pods-YearsFromNow.debug.xcconfig */;
			buildSettings = {
				ASSETCATALOG_COMPILER_APPICON_NAME = AppIcon;
				CODE_SIGN_IDENTITY = "iPhone Developer";
				"CODE_SIGN_IDENTITY[sdk=iphoneos*]" = "iPhone Developer";
				CODE_SIGN_STYLE = Automatic;
				DEVELOPMENT_TEAM = "";
				FRAMEWORK_SEARCH_PATHS = (
					"$(inherited)",
					"$(PROJECT_DIR)",
					"$(PROJECT_DIR)/build/Debug-iphoneos/Realm",
				);
				INFOPLIST_FILE = YearsFromNow/Info.plist;
				IPHONEOS_DEPLOYMENT_TARGET = 11.0;
				LD_RUNPATH_SEARCH_PATHS = "$(inherited) @executable_path/Frameworks";
				PRODUCT_BUNDLE_IDENTIFIER = com.building50.yearsfromnow;
				PRODUCT_NAME = "$(TARGET_NAME)";
				PROVISIONING_PROFILE = "";
				PROVISIONING_PROFILE_SPECIFIER = "";
				SWIFT_VERSION = 3.0;
			};
			name = Debug;
		};
		F76172CD1BA6D92F0097F912 /* Release */ = {
			isa = XCBuildConfiguration;
			baseConfigurationReference = 2CC8ADD3B45560972829FC78 /* Pods-YearsFromNow.release.xcconfig */;
			buildSettings = {
				ASSETCATALOG_COMPILER_APPICON_NAME = AppIcon;
				CODE_SIGN_IDENTITY = "iPhone Developer: Leon JOHNSON (JKSXM5Z568)";
				"CODE_SIGN_IDENTITY[sdk=iphoneos*]" = "iPhone Developer";
				CODE_SIGN_STYLE = Automatic;
				DEVELOPMENT_TEAM = "";
				FRAMEWORK_SEARCH_PATHS = (
					"$(inherited)",
					"$(PROJECT_DIR)",
					"$(PROJECT_DIR)/build/Debug-iphoneos/Realm",
				);
				INFOPLIST_FILE = YearsFromNow/Info.plist;
				IPHONEOS_DEPLOYMENT_TARGET = 11.0;
				LD_RUNPATH_SEARCH_PATHS = "$(inherited) @executable_path/Frameworks";
				PRODUCT_BUNDLE_IDENTIFIER = com.building50.yearsfromnow;
				PRODUCT_NAME = "$(TARGET_NAME)";
				PROVISIONING_PROFILE = "";
				PROVISIONING_PROFILE_SPECIFIER = "";
				SWIFT_OPTIMIZATION_LEVEL = "-Owholemodule";
				SWIFT_VERSION = 3.0;
			};
			name = Release;
		};
/* End XCBuildConfiguration section */

/* Begin XCConfigurationList section */
		F76172A71BA6D92F0097F912 /* Build configuration list for PBXProject "YearsFromNow" */ = {
			isa = XCConfigurationList;
			buildConfigurations = (
				F76172C91BA6D92F0097F912 /* Debug */,
				F76172CA1BA6D92F0097F912 /* Release */,
			);
			defaultConfigurationIsVisible = 0;
			defaultConfigurationName = Release;
		};
		F76172CB1BA6D92F0097F912 /* Build configuration list for PBXNativeTarget "YearsFromNow" */ = {
			isa = XCConfigurationList;
			buildConfigurations = (
				F76172CC1BA6D92F0097F912 /* Debug */,
				F76172CD1BA6D92F0097F912 /* Release */,
			);
			defaultConfigurationIsVisible = 0;
			defaultConfigurationName = Release;
		};
/* End XCConfigurationList section */
	};
	rootObject = F76172A41BA6D92F0097F912 /* Project object */;
}
